
Microsoft Visual Studio Solution File, Format Version 12.00
# Visual Studio Version 17
VisualStudioVersion = 17.0.32112.339
MinimumVisualStudioVersion = 10.0.40219.1
Project("{FAE04EC0-301F-11D3-BF4B-00C04F79EFBC}") = "LeafletsProj", "LeafletsProj\LeafletsProj.csproj", "{3154298A-EC28-4E09-AF9A-F854B8AEE824}"
EndProject
Project("{FAE04EC0-301F-11D3-BF4B-00C04F79EFBC}") = "IoC", "IoC\IoC.csproj", "{2EE40FAD-2A1B-4282-BEDB-E7AD851F25A7}"
EndProject
Project("{FAE04EC0-301F-11D3-BF4B-00C04F79EFBC}") = "UWPToolkit", "UWPToolkit\UWPToolkit.csproj", "{91259D34-44A7-4FDF-B246-9F6915557349}"
EndProject
Project("{FAE04EC0-301F-11D3-BF4B-00C04F79EFBC}") = "Utils", "Utils\Utils.csproj", "{D8A4FFA8-475B-48FD-93E4-88E9AD2C0C19}"
EndProject
Project("{FAE04EC0-301F-11D3-BF4B-00C04F79EFBC}") = "LeafletsProj.Core", "LeafletsProj.Core\LeafletsProj.Core.csproj", "{418495BC-677B-43A8-A87C-C551DB109FB5}"
EndProject
Global
	GlobalSection(SolutionConfigurationPlatforms) = preSolution
		Debug|Any CPU = Debug|Any CPU
		Debug|ARM = Debug|ARM
		Debug|ARM64 = Debug|ARM64
		Debug|x64 = Debug|x64
		Debug|x86 = Debug|x86
		Release|Any CPU = Release|Any CPU
		Release|ARM = Release|ARM
		Release|ARM64 = Release|ARM64
		Release|x64 = Release|x64
		Release|x86 = Release|x86
	EndGlobalSection
	GlobalSection(ProjectConfigurationPlatforms) = postSolution
		{3154298A-EC28-4E09-AF9A-F854B8AEE824}.Debug|Any CPU.ActiveCfg = Debug|x64
		{3154298A-EC28-4E09-AF9A-F854B8AEE824}.Debug|Any CPU.Build.0 = Debug|x64
		{3154298A-EC28-4E09-AF9A-F854B8AEE824}.Debug|Any CPU.Deploy.0 = Debug|x64
		{3154298A-EC28-4E09-AF9A-F854B8AEE824}.Debug|ARM.ActiveCfg = Debug|ARM
		{3154298A-EC28-4E09-AF9A-F854B8AEE824}.Debug|ARM.Build.0 = Debug|ARM
		{3154298A-EC28-4E09-AF9A-F854B8AEE824}.Debug|ARM.Deploy.0 = Debug|ARM
		{3154298A-EC28-4E09-AF9A-F854B8AEE824}.Debug|ARM64.ActiveCfg = Debug|ARM64
		{3154298A-EC28-4E09-AF9A-F854B8AEE824}.Debug|ARM64.Build.0 = Debug|ARM64
		{3154298A-EC28-4E09-AF9A-F854B8AEE824}.Debug|ARM64.Deploy.0 = Debug|ARM64
		{3154298A-EC28-4E09-AF9A-F854B8AEE824}.Debug|x64.ActiveCfg = Debug|x64
		{3154298A-EC28-4E09-AF9A-F854B8AEE824}.Debug|x64.Build.0 = Debug|x64
		{3154298A-EC28-4E09-AF9A-F854B8AEE824}.Debug|x64.Deploy.0 = Debug|x64
		{3154298A-EC28-4E09-AF9A-F854B8AEE824}.Debug|x86.ActiveCfg = Debug|x86
		{3154298A-EC28-4E09-AF9A-F854B8AEE824}.Debug|x86.Build.0 = Debug|x86
		{3154298A-EC28-4E09-AF9A-F854B8AEE824}.Debug|x86.Deploy.0 = Debug|x86
		{3154298A-EC28-4E09-AF9A-F854B8AEE824}.Release|Any CPU.ActiveCfg = Release|x64
		{3154298A-EC28-4E09-AF9A-F854B8AEE824}.Release|Any CPU.Build.0 = Release|x64
		{3154298A-EC28-4E09-AF9A-F854B8AEE824}.Release|Any CPU.Deploy.0 = Release|x64
		{3154298A-EC28-4E09-AF9A-F854B8AEE824}.Release|ARM.ActiveCfg = Release|ARM
		{3154298A-EC28-4E09-AF9A-F854B8AEE824}.Release|ARM.Build.0 = Release|ARM
		{3154298A-EC28-4E09-AF9A-F854B8AEE824}.Release|ARM.Deploy.0 = Release|ARM
		{3154298A-EC28-4E09-AF9A-F854B8AEE824}.Release|ARM64.ActiveCfg = Release|ARM64
		{3154298A-EC28-4E09-AF9A-F854B8AEE824}.Release|ARM64.Build.0 = Release|ARM64
		{3154298A-EC28-4E09-AF9A-F854B8AEE824}.Release|ARM64.Deploy.0 = Release|ARM64
		{3154298A-EC28-4E09-AF9A-F854B8AEE824}.Release|x64.ActiveCfg = Release|x64
		{3154298A-EC28-4E09-AF9A-F854B8AEE824}.Release|x64.Build.0 = Release|x64
		{3154298A-EC28-4E09-AF9A-F854B8AEE824}.Release|x64.Deploy.0 = Release|x64
		{3154298A-EC28-4E09-AF9A-F854B8AEE824}.Release|x86.ActiveCfg = Release|x86
		{3154298A-EC28-4E09-AF9A-F854B8AEE824}.Release|x86.Build.0 = Release|x86
		{3154298A-EC28-4E09-AF9A-F854B8AEE824}.Release|x86.Deploy.0 = Release|x86
		{2EE40FAD-2A1B-4282-BEDB-E7AD851F25A7}.Debug|Any CPU.ActiveCfg = Debug|Any CPU
		{2EE40FAD-2A1B-4282-BEDB-E7AD851F25A7}.Debug|Any CPU.Build.0 = Debug|Any CPU
		{2EE40FAD-2A1B-4282-BEDB-E7AD851F25A7}.Debug|ARM.ActiveCfg = Debug|ARM
		{2EE40FAD-2A1B-4282-BEDB-E7AD851F25A7}.Debug|ARM.Build.0 = Debug|ARM
		{2EE40FAD-2A1B-4282-BEDB-E7AD851F25A7}.Debug|ARM64.ActiveCfg = Debug|ARM64
		{2EE40FAD-2A1B-4282-BEDB-E7AD851F25A7}.Debug|ARM64.Build.0 = Debug|ARM64
		{2EE40FAD-2A1B-4282-BEDB-E7AD851F25A7}.Debug|x64.ActiveCfg = Debug|x64
		{2EE40FAD-2A1B-4282-BEDB-E7AD851F25A7}.Debug|x64.Build.0 = Debug|x64
		{2EE40FAD-2A1B-4282-BEDB-E7AD851F25A7}.Debug|x86.ActiveCfg = Debug|x86
		{2EE40FAD-2A1B-4282-BEDB-E7AD851F25A7}.Debug|x86.Build.0 = Debug|x86
		{2EE40FAD-2A1B-4282-BEDB-E7AD851F25A7}.Release|Any CPU.ActiveCfg = Release|Any CPU
		{2EE40FAD-2A1B-4282-BEDB-E7AD851F25A7}.Release|Any CPU.Build.0 = Release|Any CPU
		{2EE40FAD-2A1B-4282-BEDB-E7AD851F25A7}.Release|ARM.ActiveCfg = Release|ARM
		{2EE40FAD-2A1B-4282-BEDB-E7AD851F25A7}.Release|ARM.Build.0 = Release|ARM
		{2EE40FAD-2A1B-4282-BEDB-E7AD851F25A7}.Release|ARM64.ActiveCfg = Release|ARM64
		{2EE40FAD-2A1B-4282-BEDB-E7AD851F25A7}.Release|ARM64.Build.0 = Release|ARM64
		{2EE40FAD-2A1B-4282-BEDB-E7AD851F25A7}.Release|x64.ActiveCfg = Release|x64
		{2EE40FAD-2A1B-4282-BEDB-E7AD851F25A7}.Release|x64.Build.0 = Release|x64
		{2EE40FAD-2A1B-4282-BEDB-E7AD851F25A7}.Release|x86.ActiveCfg = Release|x86
		{2EE40FAD-2A1B-4282-BEDB-E7AD851F25A7}.Release|x86.Build.0 = Release|x86
		{91259D34-44A7-4FDF-B246-9F6915557349}.Debug|Any CPU.ActiveCfg = Debug|Any CPU
		{91259D34-44A7-4FDF-B246-9F6915557349}.Debug|Any CPU.Build.0 = Debug|Any CPU
		{91259D34-44A7-4FDF-B246-9F6915557349}.Debug|ARM.ActiveCfg = Debug|ARM
		{91259D34-44A7-4FDF-B246-9F6915557349}.Debug|ARM.Build.0 = Debug|ARM
		{91259D34-44A7-4FDF-B246-9F6915557349}.Debug|ARM64.ActiveCfg = Debug|ARM64
		{91259D34-44A7-4FDF-B246-9F6915557349}.Debug|ARM64.Build.0 = Debug|ARM64
		{91259D34-44A7-4FDF-B246-9F6915557349}.Debug|x64.ActiveCfg = Debug|x64
		{91259D34-44A7-4FDF-B246-9F6915557349}.Debug|x64.Build.0 = Debug|x64
		{91259D34-44A7-4FDF-B246-9F6915557349}.Debug|x86.ActiveCfg = Debug|x86
		{91259D34-44A7-4FDF-B246-9F6915557349}.Debug|x86.Build.0 = Debug|x86
		{91259D34-44A7-4FDF-B246-9F6915557349}.Release|Any CPU.ActiveCfg = Release|Any CPU
		{91259D34-44A7-4FDF-B246-9F6915557349}.Release|Any CPU.Build.0 = Release|Any CPU
		{91259D34-44A7-4FDF-B246-9F6915557349}.Release|ARM.ActiveCfg = Release|ARM
		{91259D34-44A7-4FDF-B246-9F6915557349}.Release|ARM.Build.0 = Release|ARM
		{91259D34-44A7-4FDF-B246-9F6915557349}.Release|ARM64.ActiveCfg = Release|ARM64
		{91259D34-44A7-4FDF-B246-9F6915557349}.Release|ARM64.Build.0 = Release|ARM64
		{91259D34-44A7-4FDF-B246-9F6915557349}.Release|x64.ActiveCfg = Release|x64
		{91259D34-44A7-4FDF-B246-9F6915557349}.Release|x64.Build.0 = Release|x64
		{91259D34-44A7-4FDF-B246-9F6915557349}.Release|x86.ActiveCfg = Release|x86
		{91259D34-44A7-4FDF-B246-9F6915557349}.Release|x86.Build.0 = Release|x86
		{D8A4FFA8-475B-48FD-93E4-88E9AD2C0C19}.Debug|Any CPU.ActiveCfg = Debug|Any CPU
		{D8A4FFA8-475B-48FD-93E4-88E9AD2C0C19}.Debug|Any CPU.Build.0 = Debug|Any CPU
		{D8A4FFA8-475B-48FD-93E4-88E9AD2C0C19}.Debug|ARM.ActiveCfg = Debug|ARM
		{D8A4FFA8-475B-48FD-93E4-88E9AD2C0C19}.Debug|ARM.Build.0 = Debug|ARM
		{D8A4FFA8-475B-48FD-93E4-88E9AD2C0C19}.Debug|ARM64.ActiveCfg = Debug|ARM64
		{D8A4FFA8-475B-48FD-93E4-88E9AD2C0C19}.Debug|ARM64.Build.0 = Debug|ARM64
		{D8A4FFA8-475B-48FD-93E4-88E9AD2C0C19}.Debug|x64.ActiveCfg = Debug|x64
		{D8A4FFA8-475B-48FD-93E4-88E9AD2C0C19}.Debug|x64.Build.0 = Debug|x64
		{D8A4FFA8-475B-48FD-93E4-88E9AD2C0C19}.Debug|x86.ActiveCfg = Debug|x86
		{D8A4FFA8-475B-48FD-93E4-88E9AD2C0C19}.Debug|x86.Build.0 = Debug|x86
		{D8A4FFA8-475B-48FD-93E4-88E9AD2C0C19}.Release|Any CPU.ActiveCfg = Release|Any CPU
		{D8A4FFA8-475B-48FD-93E4-88E9AD2C0C19}.Release|Any CPU.Build.0 = Release|Any CPU
		{D8A4FFA8-475B-48FD-93E4-88E9AD2C0C19}.Release|ARM.ActiveCfg = Release|ARM
		{D8A4FFA8-475B-48FD-93E4-88E9AD2C0C19}.Release|ARM.Build.0 = Release|ARM
		{D8A4FFA8-475B-48FD-93E4-88E9AD2C0C19}.Release|ARM64.ActiveCfg = Release|ARM64
		{D8A4FFA8-475B-48FD-93E4-88E9AD2C0C19}.Release|ARM64.Build.0 = Release|ARM64
		{D8A4FFA8-475B-48FD-93E4-88E9AD2C0C19}.Release|x64.ActiveCfg = Release|x64
		{D8A4FFA8-475B-48FD-93E4-88E9AD2C0C19}.Release|x64.Build.0 = Release|x64
		{D8A4FFA8-475B-48FD-93E4-88E9AD2C0C19}.Release|x86.ActiveCfg = Release|x86
		{D8A4FFA8-475B-48FD-93E4-88E9AD2C0C19}.Release|x86.Build.0 = Release|x86
		{418495BC-677B-43A8-A87C-C551DB109FB5}.Debug|Any CPU.ActiveCfg = Debug|Any CPU
		{418495BC-677B-43A8-A87C-C551DB109FB5}.Debug|Any CPU.Build.0 = Debug|Any CPU
		{418495BC-677B-43A8-A87C-C551DB109FB5}.Debug|ARM.ActiveCfg = Debug|ARM
		{418495BC-677B-43A8-A87C-C551DB109FB5}.Debug|ARM.Build.0 = Debug|ARM
		{418495BC-677B-43A8-A87C-C551DB109FB5}.Debug|ARM64.ActiveCfg = Debug|ARM64
		{418495BC-677B-43A8-A87C-C551DB109FB5}.Debug|ARM64.Build.0 = Debug|ARM64
		{418495BC-677B-43A8-A87C-C551DB109FB5}.Debug|x64.ActiveCfg = Debug|x64
		{418495BC-677B-43A8-A87C-C551DB109FB5}.Debug|x64.Build.0 = Debug|x64
		{418495BC-677B-43A8-A87C-C551DB109FB5}.Debug|x86.ActiveCfg = Debug|x86
		{418495BC-677B-43A8-A87C-C551DB109FB5}.Debug|x86.Build.0 = Debug|x86
		{418495BC-677B-43A8-A87C-C551DB109FB5}.Release|Any CPU.ActiveCfg = Release|Any CPU
		{418495BC-677B-43A8-A87C-C551DB109FB5}.Release|Any CPU.Build.0 = Release|Any CPU
		{418495BC-677B-43A8-A87C-C551DB109FB5}.Release|ARM.ActiveCfg = Release|ARM
		{418495BC-677B-43A8-A87C-C551DB109FB5}.Release|ARM.Build.0 = Release|ARM
		{418495BC-677B-43A8-A87C-C551DB109FB5}.Release|ARM64.ActiveCfg = Release|ARM64
		{418495BC-677B-43A8-A87C-C551DB109FB5}.Release|ARM64.Build.0 = Release|ARM64
		{418495BC-677B-43A8-A87C-C551DB109FB5}.Release|x64.ActiveCfg = Release|x64
		{418495BC-677B-43A8-A87C-C551DB109FB5}.Release|x64.Build.0 = Release|x64
		{418495BC-677B-43A8-A87C-C551DB109FB5}.Release|x86.ActiveCfg = Release|x86
		{418495BC-677B-43A8-A87C-C551DB109FB5}.Release|x86.Build.0 = Release|x86
	EndGlobalSection
	GlobalSection(SolutionProperties) = preSolution
		HideSolutionNode = FALSE
	EndGlobalSection
	GlobalSection(ExtensibilityGlobals) = postSolution
		SolutionGuid = {54AF48EB-DE38-4684-8F50-EC4EADC5985A}
	EndGlobalSection
EndGlobal
